# THIS IS AN AUTOGENERATED FILE. DO NOT EDIT THIS FILE DIRECTLY.
# yarn lockfile v1


"jquery-match-height@^0.7.2":
  "integrity" "sha512-qSyC0GBc4zUlgBcxfyyumJSVUm50T6XuJEIz59cKaI28VXMUT95mZ6KiIjhMIMbG8IiJhh65FtQO1XD42TAcwg=="
  "resolved" "https://registry.npmjs.org/jquery-match-height/-/jquery-match-height-0.7.2.tgz"
  "version" "0.7.2"

"jquery@^3.6.0":
  "integrity" "sha512-JVzAR/AjBvVt2BmYhxRCSYysDsPcssdmTFnzyLEts9qNwmjmu4JTAMYubEfwVOSwpQ1I1sKKFcxhZCI2buerfw=="
  "resolved" "https://registry.npmjs.org/jquery/-/jquery-3.6.0.tgz"
  "version" "3.6.0"

"tinymce@^6.1.2":
  "integrity" "sha512-tl4KbEKdPzyPTatJkblN2AqzRj9jaRGyATnwaSnsLFGKb4AI6B+4e0Gc8dUDXuqAjgSnHokhzamrQJLbSn4CmQ=="
  "resolved" "https://registry.npmjs.org/tinymce/-/tinymce-6.1.2.tgz"
  "version" "6.1.2"
